
Microsoft Visual Studio Solution File, Format Version 12.00
# Visual Studio Version 17
VisualStudioVersion = 17.3.32825.248
MinimumVisualStudioVersion = 10.0.40219.1
Project("{FAE04EC0-301F-11D3-BF4B-00C04F79EFBC}") = "DigitalBank", "DigitalBank\DigitalBank.csproj", "{07A0AFEE-1D48-4E92-9682-F9D989D88C77}"
EndProject
Project("{FAE04EC0-301F-11D3-BF4B-00C04F79EFBC}") = "DigitalBank.Core", "DigitalBank.Core\DigitalBank.Core.csproj", "{FD43AA74-61D5-4538-A7E4-57C92B71E975}"
EndProject
Global
	GlobalSection(SolutionConfigurationPlatforms) = preSolution
		Debug|Any CPU = Debug|Any CPU
		Release|Any CPU = Release|Any CPU
	EndGlobalSection
	GlobalSection(ProjectConfigurationPlatforms) = postSolution
		{07A0AFEE-1D48-4E92-9682-F9D989D88C77}.Debug|Any CPU.ActiveCfg = Debug|Any CPU
		{07A0AFEE-1D48-4E92-9682-F9D989D88C77}.Debug|Any CPU.Build.0 = Debug|Any CPU
		{07A0AFEE-1D48-4E92-9682-F9D989D88C77}.Release|Any CPU.ActiveCfg = Release|Any CPU
		{07A0AFEE-1D48-4E92-9682-F9D989D88C77}.Release|Any CPU.Build.0 = Release|Any CPU
		{FD43AA74-61D5-4538-A7E4-57C92B71E975}.Debug|Any CPU.ActiveCfg = Debug|Any CPU
		{FD43AA74-61D5-4538-A7E4-57C92B71E975}.Debug|Any CPU.Build.0 = Debug|Any CPU
		{FD43AA74-61D5-4538-A7E4-57C92B71E975}.Release|Any CPU.ActiveCfg = Release|Any CPU
		{FD43AA74-61D5-4538-A7E4-57C92B71E975}.Release|Any CPU.Build.0 = Release|Any CPU
	EndGlobalSection
	GlobalSection(SolutionProperties) = preSolution
		HideSolutionNode = FALSE
	EndGlobalSection
	GlobalSection(ExtensibilityGlobals) = postSolution
		SolutionGuid = {9204B495-68FB-4AAC-B408-BEDDCB8B3099}
	EndGlobalSection
EndGlobal
