
Microsoft Visual Studio Solution File, Format Version 12.00
# Visual Studio Version 17
VisualStudioVersion = 17.3.32825.248
MinimumVisualStudioVersion = 10.0.40219.1
Project("{FAE04EC0-301F-11D3-BF4B-00C04F79EFBC}") = "QualMinds.Hrm", "QualMinds.Hrm\QualMinds.Hrm.csproj", "{830A0F11-4D81-451C-9422-D5726874A621}"
EndProject
Project("{FAE04EC0-301F-11D3-BF4B-00C04F79EFBC}") = "QualMinds.Hrm.Core", "QualMinds.Hrm.Core\QualMinds.Hrm.Core.csproj", "{04173196-A818-45C7-BBEA-4BF5DB5317E8}"
EndProject
Global
	GlobalSection(SolutionConfigurationPlatforms) = preSolution
		Debug|Any CPU = Debug|Any CPU
		Release|Any CPU = Release|Any CPU
	EndGlobalSection
	GlobalSection(ProjectConfigurationPlatforms) = postSolution
		{830A0F11-4D81-451C-9422-D5726874A621}.Debug|Any CPU.ActiveCfg = Debug|Any CPU
		{830A0F11-4D81-451C-9422-D5726874A621}.Debug|Any CPU.Build.0 = Debug|Any CPU
		{830A0F11-4D81-451C-9422-D5726874A621}.Release|Any CPU.ActiveCfg = Release|Any CPU
		{830A0F11-4D81-451C-9422-D5726874A621}.Release|Any CPU.Build.0 = Release|Any CPU
		{04173196-A818-45C7-BBEA-4BF5DB5317E8}.Debug|Any CPU.ActiveCfg = Debug|Any CPU
		{04173196-A818-45C7-BBEA-4BF5DB5317E8}.Debug|Any CPU.Build.0 = Debug|Any CPU
		{04173196-A818-45C7-BBEA-4BF5DB5317E8}.Release|Any CPU.ActiveCfg = Release|Any CPU
		{04173196-A818-45C7-BBEA-4BF5DB5317E8}.Release|Any CPU.Build.0 = Release|Any CPU
	EndGlobalSection
	GlobalSection(SolutionProperties) = preSolution
		HideSolutionNode = FALSE
	EndGlobalSection
	GlobalSection(ExtensibilityGlobals) = postSolution
		SolutionGuid = {FDB68867-2271-4966-AAE1-14600337200D}
	EndGlobalSection
EndGlobal
